
Microsoft Visual Studio Solution File, Format Version 12.00
# Visual Studio Version 16
VisualStudioVersion = 16.0.32510.428
MinimumVisualStudioVersion = 10.0.40219.1
Project("{FAE04EC0-301F-11D3-BF4B-00C04F79EFBC}") = "TestTwo", "TestTwo\TestTwo.csproj", "{041687D7-822B-4B3E-B43A-0D4841138AE0}"
EndProject
Global
	GlobalSection(SolutionConfigurationPlatforms) = preSolution
		Debug|Any CPU = Debug|Any CPU
		Release|Any CPU = Release|Any CPU
	EndGlobalSection
	GlobalSection(ProjectConfigurationPlatforms) = postSolution
		{041687D7-822B-4B3E-B43A-0D4841138AE0}.Debug|Any CPU.ActiveCfg = Debug|Any CPU
		{041687D7-822B-4B3E-B43A-0D4841138AE0}.Debug|Any CPU.Build.0 = Debug|Any CPU
		{041687D7-822B-4B3E-B43A-0D4841138AE0}.Release|Any CPU.ActiveCfg = Release|Any CPU
		{041687D7-822B-4B3E-B43A-0D4841138AE0}.Release|Any CPU.Build.0 = Release|Any CPU
	EndGlobalSection
	GlobalSection(SolutionProperties) = preSolution
		HideSolutionNode = FALSE
	EndGlobalSection
	GlobalSection(ExtensibilityGlobals) = postSolution
		SolutionGuid = {3E5053F8-B6BD-4709-B2D9-4900028B6D2F}
	EndGlobalSection
EndGlobal
